{
  "name": "24eMart",
  "lockfileVersion": 2,
  "requires": true,
  "packages": {
    "": {
      "dependencies": {
        "amazon-quicksight-embedding-sdk": "^2.0.3"
      }
    },
    "node_modules/amazon-quicksight-embedding-sdk": {
      "version": "2.0.3",
      "resolved": "https://registry.npmjs.org/amazon-quicksight-embedding-sdk/-/amazon-quicksight-embedding-sdk-2.0.3.tgz",
      "integrity": "sha512-/6X7xeWXguEnQqUGUOJn3tnKkSF/sUB+BBkdYJl8z1mpCz+HA85TuykH4Fb+ETE1g+md9cBGEWAFS1mr1qGuJg==",
      "dependencies": {
        "punycode": "^2.1.1",
        "uuid": "^9.0.0"
      }
    },
    "node_modules/punycode": {
      "version": "2.3.0",
      "resolved": "https://registry.npmjs.org/punycode/-/punycode-2.3.0.tgz",
      "integrity": "sha512-rRV+zQD8tVFys26lAGR9WUuS4iUAngJScM+ZRSKtvl5tKeZ2t5bvdNFdNHBW9FWR4guGHlgmsZ1G7BSm2wTbuA==",
      "engines": {
        "node": ">=6"
      }
    },
    "node_modules/uuid": {
      "version": "9.0.0",
      "resolved": "https://registry.npmjs.org/uuid/-/uuid-9.0.0.tgz",
      "integrity": "sha512-MXcSTerfPa4uqyzStbRoTgt5XIe3x5+42+q1sDuy3R5MDk66URdLMOZe5aPX/SQd+kuYAh0FdP/pO28IkQyTeg==",
      "bin": {
        "uuid": "dist/bin/uuid"
      }
    }
  },
  "dependencies": {
    "amazon-quicksight-embedding-sdk": {
      "version": "2.0.3",
      "resolved": "https://registry.npmjs.org/amazon-quicksight-embedding-sdk/-/amazon-quicksight-embedding-sdk-2.0.3.tgz",
      "integrity": "sha512-/6X7xeWXguEnQqUGUOJn3tnKkSF/sUB+BBkdYJl8z1mpCz+HA85TuykH4Fb+ETE1g+md9cBGEWAFS1mr1qGuJg==",
      "requires": {
        "punycode": "^2.1.1",
        "uuid": "^9.0.0"
      }
    },
    "punycode": {
      "version": "2.3.0",
      "resolved": "https://registry.npmjs.org/punycode/-/punycode-2.3.0.tgz",
      "integrity": "sha512-rRV+zQD8tVFys26lAGR9WUuS4iUAngJScM+ZRSKtvl5tKeZ2t5bvdNFdNHBW9FWR4guGHlgmsZ1G7BSm2wTbuA=="
    },
    "uuid": {
      "version": "9.0.0",
      "resolved": "https://registry.npmjs.org/uuid/-/uuid-9.0.0.tgz",
      "integrity": "sha512-MXcSTerfPa4uqyzStbRoTgt5XIe3x5+42+q1sDuy3R5MDk66URdLMOZe5aPX/SQd+kuYAh0FdP/pO28IkQyTeg=="
    }
  }
}
